
Microsoft Visual Studio Solution File, Format Version 12.00
# Visual Studio Version 17
VisualStudioVersion = 17.14.36203.30 d17.14
MinimumVisualStudioVersion = 10.0.40219.1
Project("{FAE04EC0-301F-11D3-BF4B-00C04F79EFBC}") = "MyTrackedRoutes", "MyTrackedRoutes\MyTrackedRoutes.csproj", "{31539662-158D-496B-A6D8-EBA9EAF69DF9}"
EndProject
Global
	GlobalSection(SolutionConfigurationPlatforms) = preSolution
		Debug|Any CPU = Debug|Any CPU
		Release|Any CPU = Release|Any CPU
	EndGlobalSection
	GlobalSection(ProjectConfigurationPlatforms) = postSolution
		{31539662-158D-496B-A6D8-EBA9EAF69DF9}.Debug|Any CPU.ActiveCfg = Debug|Any CPU
		{31539662-158D-496B-A6D8-EBA9EAF69DF9}.Debug|Any CPU.Build.0 = Debug|Any CPU
		{31539662-158D-496B-A6D8-EBA9EAF69DF9}.Debug|Any CPU.Deploy.0 = Debug|Any CPU
		{31539662-158D-496B-A6D8-EBA9EAF69DF9}.Release|Any CPU.ActiveCfg = Release|Any CPU
		{31539662-158D-496B-A6D8-EBA9EAF69DF9}.Release|Any CPU.Build.0 = Release|Any CPU
		{31539662-158D-496B-A6D8-EBA9EAF69DF9}.Release|Any CPU.Deploy.0 = Release|Any CPU
	EndGlobalSection
	GlobalSection(SolutionProperties) = preSolution
		HideSolutionNode = FALSE
	EndGlobalSection
	GlobalSection(ExtensibilityGlobals) = postSolution
		SolutionGuid = {1E3E79A2-56E8-43B5-B343-18DA511D8D90}
	EndGlobalSection
EndGlobal
